<?xml version="1.0" encoding="utf-8"?>
<Project ToolsVersion="4.0" xmlns="http://schemas.microsoft.com/developer/msbuild/2003">
  <ItemGroup>
    <Filter Include="Source Files">
      <UniqueIdentifier>{4FC737F1-C7A5-4376-A066-2A32D752A2FF}</UniqueIdentifier>
      <Extensions>cpp;c;cc;cxx;def;odl;idl;hpj;bat;asm;asmx</Extensions>
    </Filter>
    <Filter Include="Header Files">
      <UniqueIdentifier>{93995380-89BD-4b04-88EB-625FBE52EBFB}</UniqueIdentifier>
      <Extensions>h;hh;hpp;hxx;hm;inl;inc;ipp;xsd</Extensions>
    </Filter>
    <Filter Include="Resource Files">
      <UniqueIdentifier>{67DA6AB6-F800-4c08-8B7A-83BB121AAD01}</UniqueIdentifier>
      <Extensions>rc;ico;cur;bmp;dlg;rc2;rct;bin;rgs;gif;jpg;jpeg;jpe;resx;tiff;tif;png;wav;mfcribbon-ms</Extensions>
    </Filter>
  </ItemGroup>
  <ItemGroup>
    <ClCompile Include="Page1_LOGIN.cpp">
      <Filter>Source Files</Filter>
    </ClCompile>
    <ClCompile Include="Page4_Products.cpp">
      <Filter>Source Files</Filter>
    </ClCompile>
    <ClCompile Include="Page2_SignUp.cpp">
      <Filter>Source Files</Filter>
    </ClCompile>
    <ClCompile Include="Person.cpp">
      <Filter>Source Files</Filter>
    </ClCompile>
    <ClCompile Include="Product.cpp">
      <Filter>Source Files</Filter>
    </ClCompile>
    <ClCompile Include="Inventory.cpp">
      <Filter>Source Files</Filter>
    </ClCompile>
    <ClCompile Include="Order.cpp">
      <Filter>Source Files</Filter>
    </ClCompile>
    <ClCompile Include="User.cpp">
      <Filter>Source Files</Filter>
    </ClCompile>
    <ClCompile Include="Vendor.cpp">
      <Filter>Source Files</Filter>
    </ClCompile>
    <ClCompile Include="Page3_MainMenu.cpp">
      <Filter>Source Files</Filter>
    </ClCompile>
    <ClCompile Include="Page_Setting_Main.cpp">
      <Filter>Source Files</Filter>
    </ClCompile>
    <ClCompile Include="Page_Setting_ChangePass.cpp">
      <Filter>Source Files</Filter>
    </ClCompile>
    <ClCompile Include="Page_Setting_DeleteUser.cpp">
      <Filter>Source Files</Filter>
    </ClCompile>
    <ClCompile Include="Page_Vendor.cpp">
      <Filter>Source Files</Filter>
    </ClCompile>
    <ClCompile Include="Page_AddOrder.cpp">
      <Filter>Source Files</Filter>
    </ClCompile>
    <ClCompile Include="Page_Customer.cpp">
      <Filter>Source Files</Filter>
    </ClCompile>
    <ClCompile Include="Page_Customer_Info.cpp">
      <Filter>Source Files</Filter>
    </ClCompile>
    <ClCompile Include="Page_Reports.cpp">
      <Filter>Source Files</Filter>
    </ClCompile>
    <ClCompile Include="MyForm1.cpp">
      <Filter>Source Files</Filter>
    </ClCompile>
  </ItemGroup>
  <ItemGroup>
    <ClInclude Include="Page1_LOGIN.h">
      <Filter>Header Files</Filter>
    </ClInclude>
    <ClInclude Include="Page4_Products.h">
      <Filter>Header Files</Filter>
    </ClInclude>
    <ClInclude Include="Page2_SignUp.h">
      <Filter>Header Files</Filter>
    </ClInclude>
    <ClInclude Include="Person.h">
      <Filter>Header Files</Filter>
    </ClInclude>
    <ClInclude Include="Product.h">
      <Filter>Header Files</Filter>
    </ClInclude>
    <ClInclude Include="Inventory.h">
      <Filter>Header Files</Filter>
    </ClInclude>
    <ClInclude Include="Order.h">
      <Filter>Header Files</Filter>
    </ClInclude>
    <ClInclude Include="User.h">
      <Filter>Header Files</Filter>
    </ClInclude>
    <ClInclude Include="Vendor.h">
      <Filter>Header Files</Filter>
    </ClInclude>
    <ClInclude Include="Page3_MainMenu.h">
      <Filter>Header Files</Filter>
    </ClInclude>
    <ClInclude Include="Page_Setting_Main.h">
      <Filter>Header Files</Filter>
    </ClInclude>
    <ClInclude Include="Page_Setting_ChangePass.h">
      <Filter>Header Files</Filter>
    </ClInclude>
    <ClInclude Include="Page_Setting_DeleteUser.h">
      <Filter>Header Files</Filter>
    </ClInclude>
    <ClInclude Include="Page_Vendor.h">
      <Filter>Header Files</Filter>
    </ClInclude>
    <ClInclude Include="Page_AddOrder.h">
      <Filter>Header Files</Filter>
    </ClInclude>
    <ClInclude Include="Page_Customer.h">
      <Filter>Header Files</Filter>
    </ClInclude>
    <ClInclude Include="Page_Customer_Info.h">
      <Filter>Header Files</Filter>
    </ClInclude>
    <ClInclude Include="Page_Reports.h">
      <Filter>Header Files</Filter>
    </ClInclude>
  </ItemGroup>
  <ItemGroup>
    <EmbeddedResource Include="Page1_LOGIN.resx">
      <Filter>Resource Files</Filter>
    </EmbeddedResource>
    <EmbeddedResource Include="Page4_Products.resx">
      <Filter>Resource Files</Filter>
    </EmbeddedResource>
    <EmbeddedResource Include="Page2_SignUp.resx">
      <Filter>Resource Files</Filter>
    </EmbeddedResource>
    <EmbeddedResource Include="Page3_MainMenu.resx">
      <Filter>Resource Files</Filter>
    </EmbeddedResource>
    <EmbeddedResource Include="Page_Setting_ChangePass.resx">
      <Filter>Resource Files</Filter>
    </EmbeddedResource>
    <EmbeddedResource Include="Page_Setting_DeleteUser.resx">
      <Filter>Resource Files</Filter>
    </EmbeddedResource>
    <EmbeddedResource Include="Page_Setting_Main.resx">
      <Filter>Resource Files</Filter>
    </EmbeddedResource>
    <EmbeddedResource Include="Page_Vendor.resx">
      <Filter>Resource Files</Filter>
    </EmbeddedResource>
    <EmbeddedResource Include="Page_Customer.resx">
      <Filter>Resource Files</Filter>
    </EmbeddedResource>
    <EmbeddedResource Include="Page_Customer_Info.resx">
      <Filter>Resource Files</Filter>
    </EmbeddedResource>
    <EmbeddedResource Include="Page_AddOrder.resx">
      <Filter>Resource Files</Filter>
    </EmbeddedResource>
  </ItemGroup>
</Project>